
Microsoft Visual Studio Solution File, Format Version 12.00
# Visual Studio Version 16
VisualStudioVersion = 16.0.31424.327
MinimumVisualStudioVersion = 10.0.40219.1
Project("{FAE04EC0-301F-11D3-BF4B-00C04F79EFBC}") = "bbs", "bbs\bbs.csproj", "{40693885-347B-41D5-9943-BEAEBE6DD714}"
EndProject
Global
	GlobalSection(SolutionConfigurationPlatforms) = preSolution
		Debug|Any CPU = Debug|Any CPU
		Release|Any CPU = Release|Any CPU
	EndGlobalSection
	GlobalSection(ProjectConfigurationPlatforms) = postSolution
		{40693885-347B-41D5-9943-BEAEBE6DD714}.Debug|Any CPU.ActiveCfg = Debug|Any CPU
		{40693885-347B-41D5-9943-BEAEBE6DD714}.Debug|Any CPU.Build.0 = Debug|Any CPU
		{40693885-347B-41D5-9943-BEAEBE6DD714}.Release|Any CPU.ActiveCfg = Release|Any CPU
		{40693885-347B-41D5-9943-BEAEBE6DD714}.Release|Any CPU.Build.0 = Release|Any CPU
	EndGlobalSection
	GlobalSection(SolutionProperties) = preSolution
		HideSolutionNode = FALSE
	EndGlobalSection
	GlobalSection(ExtensibilityGlobals) = postSolution
		SolutionGuid = {389633D8-C6DC-4E70-B778-0DF1CFB52EC9}
	EndGlobalSection
EndGlobal
